
Microsoft Visual Studio Solution File, Format Version 12.00
# Visual Studio 15
VisualStudioVersion = 15.0.26114.2
MinimumVisualStudioVersion = 10.0.40219.1
Project("{2150E333-8FDC-42A3-9474-1A3956D46DE8}") = "Solution Items", "Solution Items", "{2EE8F175-E929-4E80-8E32-31A8A80345DB}"
	ProjectSection(SolutionItems) = preProject
		Tests\RomanticWeb.Tests\appsettings.json = Tests\RomanticWeb.Tests\appsettings.json
	EndProjectSection
EndProject
Project("{2150E333-8FDC-42A3-9474-1A3956D46DE8}") = ".nuget", ".nuget", "{1C9A13E2-5B31-462B-8CDB-1E134E99354F}"
	ProjectSection(SolutionItems) = preProject
		NuGetBuild\RomanticWeb.Contracts\RomanticWeb.Contracts.nuspec = NuGetBuild\RomanticWeb.Contracts\RomanticWeb.Contracts.nuspec
		NuGetBuild\RomanticWeb.dotNetRDF\RomanticWeb.dotNetRDF.nuspec = NuGetBuild\RomanticWeb.dotNetRDF\RomanticWeb.dotNetRDF.nuspec
		NuGetBuild\RomanticWeb.Mapping.Fluent\RomanticWeb.Mapping.Fluent.nuspec = NuGetBuild\RomanticWeb.Mapping.Fluent\RomanticWeb.Mapping.Fluent.nuspec
		NuGetBuild\RomanticWeb\RomanticWeb.nuspec = NuGetBuild\RomanticWeb\RomanticWeb.nuspec
	EndProjectSection
EndProject
Project("{2150E333-8FDC-42A3-9474-1A3956D46DE8}") = "Tests", "Tests", "{DD6FE0A1-DD8C-4C50-AF68-7AC5723E3563}"
EndProject
Project("{2150E333-8FDC-42A3-9474-1A3956D46DE8}") = ".build", ".build", "{A8EB811E-737B-4F8D-B99E-2E37831A3C7B}"
	ProjectSection(SolutionItems) = preProject
		.build\CommonAssemblyInfo.cs = .build\CommonAssemblyInfo.cs
		.build\VersionAssemblyInfo.cs = .build\VersionAssemblyInfo.cs
	EndProjectSection
EndProject
Project("{FAE04EC0-301F-11D3-BF4B-00C04F79EFBC}") = "RomanticWeb", "RomanticWeb\RomanticWeb.csproj", "{A6CD7450-9624-4219-854B-58D12DD0B4F4}"
EndProject
Project("{FAE04EC0-301F-11D3-BF4B-00C04F79EFBC}") = "RomanticWeb.Contracts", "RomanticWeb.Contracts\RomanticWeb.Contracts.csproj", "{A1131D77-A984-4D69-9F9B-3A25F7AB3E3E}"
EndProject
Project("{FAE04EC0-301F-11D3-BF4B-00C04F79EFBC}") = "RomanticWeb.Mapping.Fluent", "RomanticWeb.Mapping.Fluent\RomanticWeb.Mapping.Fluent.csproj", "{3B203F87-2241-491C-A3B3-A35ADECEDB3E}"
EndProject
Project("{FAE04EC0-301F-11D3-BF4B-00C04F79EFBC}") = "RomanticWeb.dotNetRDF", "RomanticWeb.dotNetRDF\RomanticWeb.dotNetRDF.csproj", "{66A9643C-FA4E-4BEA-A281-D8A5983572F8}"
EndProject
Project("{FAE04EC0-301F-11D3-BF4B-00C04F79EFBC}") = "RomanticWeb.TestEntities.MixedMappings", "Tests\RomanticWeb.TestEntities.MixedMappings\RomanticWeb.TestEntities.MixedMappings.csproj", "{A184E9A0-7B71-437B-9417-E5CCD92C3652}"
EndProject
Project("{FAE04EC0-301F-11D3-BF4B-00C04F79EFBC}") = "RomanticWeb.Tests", "Tests\RomanticWeb.Tests\RomanticWeb.Tests.csproj", "{8E20E5A0-9B69-43C4-90C1-EDC8FBEB2888}"
EndProject
Project("{FAE04EC0-301F-11D3-BF4B-00C04F79EFBC}") = "RomanticWeb.TestEntities.FluentMappings", "Tests\RomanticWeb.TestEntities.FluentMappings\RomanticWeb.TestEntities.FluentMappings.csproj", "{E824D34A-79B2-4CC3-A248-A18C194A2E79}"
EndProject
Project("{FAE04EC0-301F-11D3-BF4B-00C04F79EFBC}") = "RomanticWeb.TestEntities", "Tests\RomanticWeb.TestEntities\RomanticWeb.TestEntities.csproj", "{878C7BC9-CBC7-459E-B6D9-7C9163A247C3}"
EndProject
Global
	GlobalSection(SolutionConfigurationPlatforms) = preSolution
		Debug|Any CPU = Debug|Any CPU
		Release|Any CPU = Release|Any CPU
	EndGlobalSection
	GlobalSection(ProjectConfigurationPlatforms) = postSolution
		{A6CD7450-9624-4219-854B-58D12DD0B4F4}.Debug|Any CPU.ActiveCfg = Debug|Any CPU
		{A6CD7450-9624-4219-854B-58D12DD0B4F4}.Debug|Any CPU.Build.0 = Debug|Any CPU
		{A6CD7450-9624-4219-854B-58D12DD0B4F4}.Release|Any CPU.ActiveCfg = Release|Any CPU
		{A6CD7450-9624-4219-854B-58D12DD0B4F4}.Release|Any CPU.Build.0 = Release|Any CPU
		{A1131D77-A984-4D69-9F9B-3A25F7AB3E3E}.Debug|Any CPU.ActiveCfg = Debug|Any CPU
		{A1131D77-A984-4D69-9F9B-3A25F7AB3E3E}.Debug|Any CPU.Build.0 = Debug|Any CPU
		{A1131D77-A984-4D69-9F9B-3A25F7AB3E3E}.Release|Any CPU.ActiveCfg = Release|Any CPU
		{A1131D77-A984-4D69-9F9B-3A25F7AB3E3E}.Release|Any CPU.Build.0 = Release|Any CPU
		{3B203F87-2241-491C-A3B3-A35ADECEDB3E}.Debug|Any CPU.ActiveCfg = Debug|Any CPU
		{3B203F87-2241-491C-A3B3-A35ADECEDB3E}.Debug|Any CPU.Build.0 = Debug|Any CPU
		{3B203F87-2241-491C-A3B3-A35ADECEDB3E}.Release|Any CPU.ActiveCfg = Release|Any CPU
		{3B203F87-2241-491C-A3B3-A35ADECEDB3E}.Release|Any CPU.Build.0 = Release|Any CPU
		{66A9643C-FA4E-4BEA-A281-D8A5983572F8}.Debug|Any CPU.ActiveCfg = Debug|Any CPU
		{66A9643C-FA4E-4BEA-A281-D8A5983572F8}.Debug|Any CPU.Build.0 = Debug|Any CPU
		{66A9643C-FA4E-4BEA-A281-D8A5983572F8}.Release|Any CPU.ActiveCfg = Release|Any CPU
		{66A9643C-FA4E-4BEA-A281-D8A5983572F8}.Release|Any CPU.Build.0 = Release|Any CPU
		{A184E9A0-7B71-437B-9417-E5CCD92C3652}.Debug|Any CPU.ActiveCfg = Debug|Any CPU
		{A184E9A0-7B71-437B-9417-E5CCD92C3652}.Debug|Any CPU.Build.0 = Debug|Any CPU
		{A184E9A0-7B71-437B-9417-E5CCD92C3652}.Release|Any CPU.ActiveCfg = Release|Any CPU
		{A184E9A0-7B71-437B-9417-E5CCD92C3652}.Release|Any CPU.Build.0 = Release|Any CPU
		{8E20E5A0-9B69-43C4-90C1-EDC8FBEB2888}.Debug|Any CPU.ActiveCfg = Debug|Any CPU
		{8E20E5A0-9B69-43C4-90C1-EDC8FBEB2888}.Debug|Any CPU.Build.0 = Debug|Any CPU
		{8E20E5A0-9B69-43C4-90C1-EDC8FBEB2888}.Release|Any CPU.ActiveCfg = Release|Any CPU
		{8E20E5A0-9B69-43C4-90C1-EDC8FBEB2888}.Release|Any CPU.Build.0 = Release|Any CPU
		{E824D34A-79B2-4CC3-A248-A18C194A2E79}.Debug|Any CPU.ActiveCfg = Debug|Any CPU
		{E824D34A-79B2-4CC3-A248-A18C194A2E79}.Debug|Any CPU.Build.0 = Debug|Any CPU
		{E824D34A-79B2-4CC3-A248-A18C194A2E79}.Release|Any CPU.ActiveCfg = Release|Any CPU
		{E824D34A-79B2-4CC3-A248-A18C194A2E79}.Release|Any CPU.Build.0 = Release|Any CPU
		{878C7BC9-CBC7-459E-B6D9-7C9163A247C3}.Debug|Any CPU.ActiveCfg = Debug|Any CPU
		{878C7BC9-CBC7-459E-B6D9-7C9163A247C3}.Debug|Any CPU.Build.0 = Debug|Any CPU
		{878C7BC9-CBC7-459E-B6D9-7C9163A247C3}.Release|Any CPU.ActiveCfg = Release|Any CPU
		{878C7BC9-CBC7-459E-B6D9-7C9163A247C3}.Release|Any CPU.Build.0 = Release|Any CPU
	EndGlobalSection
	GlobalSection(SolutionProperties) = preSolution
		HideSolutionNode = FALSE
	EndGlobalSection
	GlobalSection(NestedProjects) = preSolution
		{A184E9A0-7B71-437B-9417-E5CCD92C3652} = {DD6FE0A1-DD8C-4C50-AF68-7AC5723E3563}
		{8E20E5A0-9B69-43C4-90C1-EDC8FBEB2888} = {DD6FE0A1-DD8C-4C50-AF68-7AC5723E3563}
		{E824D34A-79B2-4CC3-A248-A18C194A2E79} = {DD6FE0A1-DD8C-4C50-AF68-7AC5723E3563}
		{878C7BC9-CBC7-459E-B6D9-7C9163A247C3} = {DD6FE0A1-DD8C-4C50-AF68-7AC5723E3563}
	EndGlobalSection
EndGlobal
