
Microsoft Visual Studio Solution File, Format Version 12.00
# Visual Studio 14
VisualStudioVersion = 14.0.25420.1
MinimumVisualStudioVersion = 10.0.40219.1
Project("{8BB2217D-0F2D-49D1-97BC-3654ED321F3B}") = "RomanticWeb.Contracts.core", "RomanticWeb.Contracts\RomanticWeb.Contracts.core.xproj", "{17315F2E-393A-422F-80BA-575794350285}"
EndProject
Project("{8BB2217D-0F2D-49D1-97BC-3654ED321F3B}") = "RomanticWeb.Mapping.Fluent.core", "RomanticWeb.Mapping.Fluent\RomanticWeb.Mapping.Fluent.core.xproj", "{612982C1-4A8A-4B2C-9FE2-058944F83534}"
EndProject
Project("{8BB2217D-0F2D-49D1-97BC-3654ED321F3B}") = "RomanticWeb.core", "RomanticWeb\RomanticWeb.core.xproj", "{374DFD26-832E-45BE-AF31-C03630417825}"
EndProject
Project("{8BB2217D-0F2D-49D1-97BC-3654ED321F3B}") = "RomanticWeb.dotNetRDF.core", "RomanticWeb.dotNetRDF\RomanticWeb.dotNetRDF.core.xproj", "{B0A2766F-6794-49AB-B90B-8ACF4A112AB0}"
EndProject
Project("{2150E333-8FDC-42A3-9474-1A3956D46DE8}") = "Solution Items", "Solution Items", "{2EE8F175-E929-4E80-8E32-31A8A80345DB}"
	ProjectSection(SolutionItems) = preProject
		global.json = global.json
	EndProjectSection
EndProject
Project("{2150E333-8FDC-42A3-9474-1A3956D46DE8}") = ".nuget", ".nuget", "{1C9A13E2-5B31-462B-8CDB-1E134E99354F}"
	ProjectSection(SolutionItems) = preProject
		NuGetBuild\RomanticWeb.Contracts\RomanticWeb.Contracts.nuspec = NuGetBuild\RomanticWeb.Contracts\RomanticWeb.Contracts.nuspec
		NuGetBuild\RomanticWeb.dotNetRDF\RomanticWeb.dotNetRDF.nuspec = NuGetBuild\RomanticWeb.dotNetRDF\RomanticWeb.dotNetRDF.nuspec
		NuGetBuild\RomanticWeb.Mapping.Fluent\RomanticWeb.Mapping.Fluent.nuspec = NuGetBuild\RomanticWeb.Mapping.Fluent\RomanticWeb.Mapping.Fluent.nuspec
		NuGetBuild\RomanticWeb\RomanticWeb.nuspec = NuGetBuild\RomanticWeb\RomanticWeb.nuspec
	EndProjectSection
EndProject
Global
	GlobalSection(SolutionConfigurationPlatforms) = preSolution
		Debug|Any CPU = Debug|Any CPU
		Release|Any CPU = Release|Any CPU
	EndGlobalSection
	GlobalSection(ProjectConfigurationPlatforms) = postSolution
		{17315F2E-393A-422F-80BA-575794350285}.Debug|Any CPU.ActiveCfg = Debug|Any CPU
		{17315F2E-393A-422F-80BA-575794350285}.Debug|Any CPU.Build.0 = Debug|Any CPU
		{17315F2E-393A-422F-80BA-575794350285}.Release|Any CPU.ActiveCfg = Release|Any CPU
		{17315F2E-393A-422F-80BA-575794350285}.Release|Any CPU.Build.0 = Release|Any CPU
		{612982C1-4A8A-4B2C-9FE2-058944F83534}.Debug|Any CPU.ActiveCfg = Debug|Any CPU
		{612982C1-4A8A-4B2C-9FE2-058944F83534}.Debug|Any CPU.Build.0 = Debug|Any CPU
		{612982C1-4A8A-4B2C-9FE2-058944F83534}.Release|Any CPU.ActiveCfg = Release|Any CPU
		{612982C1-4A8A-4B2C-9FE2-058944F83534}.Release|Any CPU.Build.0 = Release|Any CPU
		{374DFD26-832E-45BE-AF31-C03630417825}.Debug|Any CPU.ActiveCfg = Debug|Any CPU
		{374DFD26-832E-45BE-AF31-C03630417825}.Debug|Any CPU.Build.0 = Debug|Any CPU
		{374DFD26-832E-45BE-AF31-C03630417825}.Release|Any CPU.ActiveCfg = Release|Any CPU
		{374DFD26-832E-45BE-AF31-C03630417825}.Release|Any CPU.Build.0 = Release|Any CPU
		{B0A2766F-6794-49AB-B90B-8ACF4A112AB0}.Debug|Any CPU.ActiveCfg = Debug|Any CPU
		{B0A2766F-6794-49AB-B90B-8ACF4A112AB0}.Debug|Any CPU.Build.0 = Debug|Any CPU
		{B0A2766F-6794-49AB-B90B-8ACF4A112AB0}.Release|Any CPU.ActiveCfg = Release|Any CPU
		{B0A2766F-6794-49AB-B90B-8ACF4A112AB0}.Release|Any CPU.Build.0 = Release|Any CPU
	EndGlobalSection
	GlobalSection(SolutionProperties) = preSolution
		HideSolutionNode = FALSE
	EndGlobalSection
EndGlobal
